
Microsoft Visual Studio Solution File, Format Version 12.00
# Visual Studio Version 17
VisualStudioVersion = 17.14.36121.58 d17.14
MinimumVisualStudioVersion = 10.0.40219.1
Project("{FAE04EC0-301F-11D3-BF4B-00C04F79EFBC}") = "GuessingGameDesktop", "GuessingGameDesktop.csproj", "{760392D8-5220-4A8B-8ADA-A3F591861150}"
EndProject
Global
	GlobalSection(SolutionConfigurationPlatforms) = preSolution
		Debug|Any CPU = Debug|Any CPU
		Release|Any CPU = Release|Any CPU
	EndGlobalSection
	GlobalSection(ProjectConfigurationPlatforms) = postSolution
		{760392D8-5220-4A8B-8ADA-A3F591861150}.Debug|Any CPU.ActiveCfg = Debug|Any CPU
		{760392D8-5220-4A8B-8ADA-A3F591861150}.Debug|Any CPU.Build.0 = Debug|Any CPU
		{760392D8-5220-4A8B-8ADA-A3F591861150}.Release|Any CPU.ActiveCfg = Release|Any CPU
		{760392D8-5220-4A8B-8ADA-A3F591861150}.Release|Any CPU.Build.0 = Release|Any CPU
	EndGlobalSection
	GlobalSection(SolutionProperties) = preSolution
		HideSolutionNode = FALSE
	EndGlobalSection
	GlobalSection(ExtensibilityGlobals) = postSolution
		SolutionGuid = {246551F0-54A4-4E09-9D6F-2406337A3252}
	EndGlobalSection
EndGlobal
